
Microsoft Visual Studio Solution File, Format Version 12.00
# Visual Studio Version 17
VisualStudioVersion = 17.2.32505.173
MinimumVisualStudioVersion = 10.0.40219.1
Project("{FAE04EC0-301F-11D3-BF4B-00C04F79EFBC}") = "WpfLab_6", "WpfLab_6\WpfLab_6.csproj", "{E445177E-D5F9-4805-B579-FDE92B74FA78}"
EndProject
Global
	GlobalSection(SolutionConfigurationPlatforms) = preSolution
		Debug|Any CPU = Debug|Any CPU
		Release|Any CPU = Release|Any CPU
	EndGlobalSection
	GlobalSection(ProjectConfigurationPlatforms) = postSolution
		{E445177E-D5F9-4805-B579-FDE92B74FA78}.Debug|Any CPU.ActiveCfg = Debug|Any CPU
		{E445177E-D5F9-4805-B579-FDE92B74FA78}.Debug|Any CPU.Build.0 = Debug|Any CPU
		{E445177E-D5F9-4805-B579-FDE92B74FA78}.Release|Any CPU.ActiveCfg = Release|Any CPU
		{E445177E-D5F9-4805-B579-FDE92B74FA78}.Release|Any CPU.Build.0 = Release|Any CPU
	EndGlobalSection
	GlobalSection(SolutionProperties) = preSolution
		HideSolutionNode = FALSE
	EndGlobalSection
	GlobalSection(ExtensibilityGlobals) = postSolution
		SolutionGuid = {DEE04EA7-36C8-46B2-A280-30D472BCE502}
	EndGlobalSection
EndGlobal
